
Microsoft Visual Studio Solution File, Format Version 12.00
# Visual Studio Version 17
VisualStudioVersion = 17.4.33213.308
MinimumVisualStudioVersion = 10.0.40219.1
Project("{FAE04EC0-301F-11D3-BF4B-00C04F79EFBC}") = "atributos", "atributos\atributos.csproj", "{0FCD162E-7635-4560-825A-062011F4BC1A}"
EndProject
Global
	GlobalSection(SolutionConfigurationPlatforms) = preSolution
		Debug|Any CPU = Debug|Any CPU
		Release|Any CPU = Release|Any CPU
	EndGlobalSection
	GlobalSection(ProjectConfigurationPlatforms) = postSolution
		{0FCD162E-7635-4560-825A-062011F4BC1A}.Debug|Any CPU.ActiveCfg = Debug|Any CPU
		{0FCD162E-7635-4560-825A-062011F4BC1A}.Debug|Any CPU.Build.0 = Debug|Any CPU
		{0FCD162E-7635-4560-825A-062011F4BC1A}.Release|Any CPU.ActiveCfg = Release|Any CPU
		{0FCD162E-7635-4560-825A-062011F4BC1A}.Release|Any CPU.Build.0 = Release|Any CPU
	EndGlobalSection
	GlobalSection(SolutionProperties) = preSolution
		HideSolutionNode = FALSE
	EndGlobalSection
	GlobalSection(ExtensibilityGlobals) = postSolution
		SolutionGuid = {90A5CAA2-E504-43F0-8837-3942E29E690D}
	EndGlobalSection
EndGlobal
